
Microsoft Visual Studio Solution File, Format Version 12.00
# Visual Studio Version 17
VisualStudioVersion = 17.4.33103.184
MinimumVisualStudioVersion = 10.0.40219.1
Project("{FAE04EC0-301F-11D3-BF4B-00C04F79EFBC}") = "OVB.Domain.CrossCutting.DesignPatterns.Abstractions", "OVB.Domain.CrossCutting.DesignPatterns.Abstractions\OVB.Domain.CrossCutting.DesignPatterns.Abstractions.csproj", "{1FEC9DAE-7952-4971-9ED8-ED11938EFA19}"
EndProject
Global
	GlobalSection(SolutionConfigurationPlatforms) = preSolution
		Debug|Any CPU = Debug|Any CPU
		Release|Any CPU = Release|Any CPU
	EndGlobalSection
	GlobalSection(ProjectConfigurationPlatforms) = postSolution
		{1FEC9DAE-7952-4971-9ED8-ED11938EFA19}.Debug|Any CPU.ActiveCfg = Debug|Any CPU
		{1FEC9DAE-7952-4971-9ED8-ED11938EFA19}.Debug|Any CPU.Build.0 = Debug|Any CPU
		{1FEC9DAE-7952-4971-9ED8-ED11938EFA19}.Release|Any CPU.ActiveCfg = Release|Any CPU
		{1FEC9DAE-7952-4971-9ED8-ED11938EFA19}.Release|Any CPU.Build.0 = Release|Any CPU
	EndGlobalSection
	GlobalSection(SolutionProperties) = preSolution
		HideSolutionNode = FALSE
	EndGlobalSection
	GlobalSection(ExtensibilityGlobals) = postSolution
		SolutionGuid = {103B9669-EA45-405B-9F93-57A0A9C83635}
	EndGlobalSection
EndGlobal
